// !$*UTF8*$!
{
	archiveVersion = 1;
	classes = {
	};
	objectVersion = 46;
	objects = {

/* Begin PBXAggregateTarget section */
		"FuncBot::FuncBotPackageTests::ProductTarget" /* FuncBotPackageTests */ = {
			isa = PBXAggregateTarget;
			buildConfigurationList = OBJ_83 /* Build configuration list for PBXAggregateTarget "FuncBotPackageTests" */;
			buildPhases = (
			);
			dependencies = (
				OBJ_86 /* PBXTargetDependency */,
			);
			name = FuncBotPackageTests;
			productName = FuncBotPackageTests;
		};
/* End PBXAggregateTarget section */

/* Begin PBXBuildFile section */
		BA5A32FA20274CF5000D618D /* HTTP.swift in Sources */ = {isa = PBXBuildFile; fileRef = BA5A32F5202743EA000D618D /* HTTP.swift */; };
		BA5A32FE20277F57000D618D /* Message.swift in Sources */ = {isa = PBXBuildFile; fileRef = BA5A32FD20277F57000D618D /* Message.swift */; };
		BAFBF530202AB25C00AB9F57 /* curry.swift in Sources */ = {isa = PBXBuildFile; fileRef = BAFBF51B202AAFDC00AB9F57 /* curry.swift */; };
		BAFBF537202AF71100AB9F57 /* Middlewares.swift in Sources */ = {isa = PBXBuildFile; fileRef = BAFBF536202AF71100AB9F57 /* Middlewares.swift */; };
		OBJ_38 /* Package.swift in Sources */ = {isa = PBXBuildFile; fileRef = OBJ_6 /* Package.swift */; };
		OBJ_44 /* Package.swift in Sources */ = {isa = PBXBuildFile; fileRef = OBJ_25 /* Package.swift */; };
		OBJ_50 /* FuncBotTests.swift in Sources */ = {isa = PBXBuildFile; fileRef = OBJ_22 /* FuncBotTests.swift */; };
		OBJ_52 /* FuncBot.framework in Frameworks */ = {isa = PBXBuildFile; fileRef = "FuncBot::FuncBot::Product" /* FuncBot.framework */; };
		OBJ_53 /* Starscream.framework in Frameworks */ = {isa = PBXBuildFile; fileRef = "Starscream::Starscream::Product" /* Starscream.framework */; };
		OBJ_62 /* FuncBot.swift in Sources */ = {isa = PBXBuildFile; fileRef = OBJ_9 /* FuncBot.swift */; };
		OBJ_65 /* Console.swift in Sources */ = {isa = PBXBuildFile; fileRef = OBJ_13 /* Console.swift */; };
		OBJ_66 /* IO.swift in Sources */ = {isa = PBXBuildFile; fileRef = OBJ_14 /* IO.swift */; };
		OBJ_67 /* JSON.swift in Sources */ = {isa = PBXBuildFile; fileRef = OBJ_15 /* JSON.swift */; };
		OBJ_68 /* Operators.swift in Sources */ = {isa = PBXBuildFile; fileRef = OBJ_16 /* Operators.swift */; };
		OBJ_70 /* RTM.swift in Sources */ = {isa = PBXBuildFile; fileRef = OBJ_19 /* RTM.swift */; };
		OBJ_72 /* Starscream.framework in Frameworks */ = {isa = PBXBuildFile; fileRef = "Starscream::Starscream::Product" /* Starscream.framework */; };
		OBJ_78 /* Compression.swift in Sources */ = {isa = PBXBuildFile; fileRef = OBJ_26 /* Compression.swift */; };
		OBJ_79 /* SSLSecurity.swift in Sources */ = {isa = PBXBuildFile; fileRef = OBJ_27 /* SSLSecurity.swift */; };
		OBJ_80 /* WebSocket.swift in Sources */ = {isa = PBXBuildFile; fileRef = OBJ_28 /* WebSocket.swift */; };
/* End PBXBuildFile section */

/* Begin PBXContainerItemProxy section */
		BA5A32F020271ED8000D618D /* PBXContainerItemProxy */ = {
			isa = PBXContainerItemProxy;
			containerPortal = OBJ_1 /* Project object */;
			proxyType = 1;
			remoteGlobalIDString = "Starscream::Starscream";
			remoteInfo = Starscream;
		};
		BA5A32F120271ED8000D618D /* PBXContainerItemProxy */ = {
			isa = PBXContainerItemProxy;
			containerPortal = OBJ_1 /* Project object */;
			proxyType = 1;
			remoteGlobalIDString = "FuncBot::FuncBot";
			remoteInfo = FuncBot;
		};
		BA5A32F220271ED8000D618D /* PBXContainerItemProxy */ = {
			isa = PBXContainerItemProxy;
			containerPortal = OBJ_1 /* Project object */;
			proxyType = 1;
			remoteGlobalIDString = "Starscream::Starscream";
			remoteInfo = Starscream;
		};
		BA5A32F320271ED8000D618D /* PBXContainerItemProxy */ = {
			isa = PBXContainerItemProxy;
			containerPortal = OBJ_1 /* Project object */;
			proxyType = 1;
			remoteGlobalIDString = "FuncBot::FuncBotTests";
			remoteInfo = FuncBotTests;
		};
/* End PBXContainerItemProxy section */

/* Begin PBXFileReference section */
		BA5A32F5202743EA000D618D /* HTTP.swift */ = {isa = PBXFileReference; lastKnownFileType = sourcecode.swift; path = HTTP.swift; sourceTree = "<group>"; };
		BA5A32FD20277F57000D618D /* Message.swift */ = {isa = PBXFileReference; lastKnownFileType = sourcecode.swift; path = Message.swift; sourceTree = "<group>"; };
		BAFBF51B202AAFDC00AB9F57 /* curry.swift */ = {isa = PBXFileReference; lastKnownFileType = sourcecode.swift; path = curry.swift; sourceTree = "<group>"; };
		BAFBF536202AF71100AB9F57 /* Middlewares.swift */ = {isa = PBXFileReference; lastKnownFileType = sourcecode.swift; path = Middlewares.swift; sourceTree = "<group>"; };
		"FuncBot::FuncBot::Product" /* FuncBot.framework */ = {isa = PBXFileReference; explicitFileType = wrapper.framework; path = FuncBot.framework; sourceTree = BUILT_PRODUCTS_DIR; };
		"FuncBot::FuncBotTests::Product" /* FuncBotTests.xctest */ = {isa = PBXFileReference; lastKnownFileType = file; path = FuncBotTests.xctest; sourceTree = BUILT_PRODUCTS_DIR; };
		OBJ_13 /* Console.swift */ = {isa = PBXFileReference; lastKnownFileType = sourcecode.swift; path = Console.swift; sourceTree = "<group>"; };
		OBJ_14 /* IO.swift */ = {isa = PBXFileReference; lastKnownFileType = sourcecode.swift; path = IO.swift; sourceTree = "<group>"; };
		OBJ_15 /* JSON.swift */ = {isa = PBXFileReference; lastKnownFileType = sourcecode.swift; path = JSON.swift; sourceTree = "<group>"; };
		OBJ_16 /* Operators.swift */ = {isa = PBXFileReference; lastKnownFileType = sourcecode.swift; path = Operators.swift; sourceTree = "<group>"; };
		OBJ_19 /* RTM.swift */ = {isa = PBXFileReference; lastKnownFileType = sourcecode.swift; path = RTM.swift; sourceTree = "<group>"; };
		OBJ_22 /* FuncBotTests.swift */ = {isa = PBXFileReference; lastKnownFileType = sourcecode.swift; path = FuncBotTests.swift; sourceTree = "<group>"; };
		OBJ_25 /* Package.swift */ = {isa = PBXFileReference; explicitFileType = sourcecode.swift; name = Package.swift; path = "/Users/tangent/Desktop/OpenSource/FuncBot/FuncBot/.build/checkouts/Starscream.git--8239888854797068891/Package.swift"; sourceTree = "<group>"; };
		OBJ_26 /* Compression.swift */ = {isa = PBXFileReference; lastKnownFileType = sourcecode.swift; path = Compression.swift; sourceTree = "<group>"; };
		OBJ_27 /* SSLSecurity.swift */ = {isa = PBXFileReference; lastKnownFileType = sourcecode.swift; path = SSLSecurity.swift; sourceTree = "<group>"; };
		OBJ_28 /* WebSocket.swift */ = {isa = PBXFileReference; lastKnownFileType = sourcecode.swift; path = WebSocket.swift; sourceTree = "<group>"; };
		OBJ_6 /* Package.swift */ = {isa = PBXFileReference; explicitFileType = sourcecode.swift; path = Package.swift; sourceTree = "<group>"; };
		OBJ_9 /* FuncBot.swift */ = {isa = PBXFileReference; lastKnownFileType = sourcecode.swift; path = FuncBot.swift; sourceTree = "<group>"; };
		"Starscream::Starscream::Product" /* Starscream.framework */ = {isa = PBXFileReference; explicitFileType = wrapper.framework; path = Starscream.framework; sourceTree = BUILT_PRODUCTS_DIR; };
/* End PBXFileReference section */

/* Begin PBXFrameworksBuildPhase section */
		OBJ_51 /* Frameworks */ = {
			isa = PBXFrameworksBuildPhase;
			buildActionMask = 0;
			files = (
				OBJ_52 /* FuncBot.framework in Frameworks */,
				OBJ_53 /* Starscream.framework in Frameworks */,
			);
			runOnlyForDeploymentPostprocessing = 0;
		};
		OBJ_71 /* Frameworks */ = {
			isa = PBXFrameworksBuildPhase;
			buildActionMask = 0;
			files = (
				OBJ_72 /* Starscream.framework in Frameworks */,
			);
			runOnlyForDeploymentPostprocessing = 0;
		};
		OBJ_81 /* Frameworks */ = {
			isa = PBXFrameworksBuildPhase;
			buildActionMask = 0;
			files = (
			);
			runOnlyForDeploymentPostprocessing = 0;
		};
/* End PBXFrameworksBuildPhase section */

/* Begin PBXGroup section */
		BA5A32F4202743D7000D618D /* HTTP */ = {
			isa = PBXGroup;
			children = (
				BA5A32F5202743EA000D618D /* HTTP.swift */,
			);
			name = HTTP;
			path = Sources/FuncBot/HTTP;
			sourceTree = SOURCE_ROOT;
		};
		BA5A32F920274572000D618D /* JSON */ = {
			isa = PBXGroup;
			children = (
				OBJ_15 /* JSON.swift */,
			);
			path = JSON;
			sourceTree = "<group>";
		};
		BA5A32FC20277F49000D618D /* Message */ = {
			isa = PBXGroup;
			children = (
				BA5A32FD20277F57000D618D /* Message.swift */,
			);
			path = Message;
			sourceTree = "<group>";
		};
		BAFBF535202AF6C400AB9F57 /* Examples */ = {
			isa = PBXGroup;
			children = (
				BAFBF536202AF71100AB9F57 /* Middlewares.swift */,
			);
			path = Examples;
			sourceTree = "<group>";
		};
		OBJ_10 /* IO */ = {
			isa = PBXGroup;
			children = (
				OBJ_13 /* Console.swift */,
				OBJ_14 /* IO.swift */,
			);
			path = IO;
			sourceTree = "<group>";
		};
		OBJ_18 /* RTM */ = {
			isa = PBXGroup;
			children = (
				OBJ_19 /* RTM.swift */,
			);
			path = RTM;
			sourceTree = "<group>";
		};
		OBJ_20 /* Tests */ = {
			isa = PBXGroup;
			children = (
				OBJ_21 /* FuncBotTests */,
			);
			name = Tests;
			sourceTree = SOURCE_ROOT;
		};
		OBJ_21 /* FuncBotTests */ = {
			isa = PBXGroup;
			children = (
				OBJ_22 /* FuncBotTests.swift */,
			);
			name = FuncBotTests;
			path = Tests/FuncBotTests;
			sourceTree = SOURCE_ROOT;
		};
		OBJ_23 /* Dependencies */ = {
			isa = PBXGroup;
			children = (
				OBJ_24 /* Starscream 3.0.4 */,
			);
			name = Dependencies;
			sourceTree = "<group>";
		};
		OBJ_24 /* Starscream 3.0.4 */ = {
			isa = PBXGroup;
			children = (
				OBJ_25 /* Package.swift */,
				OBJ_26 /* Compression.swift */,
				OBJ_27 /* SSLSecurity.swift */,
				OBJ_28 /* WebSocket.swift */,
			);
			name = "Starscream 3.0.4";
			path = ".build/checkouts/Starscream.git--8239888854797068891/Sources";
			sourceTree = SOURCE_ROOT;
		};
		OBJ_29 /* Products */ = {
			isa = PBXGroup;
			children = (
				"FuncBot::FuncBotTests::Product" /* FuncBotTests.xctest */,
				"FuncBot::FuncBot::Product" /* FuncBot.framework */,
				"Starscream::Starscream::Product" /* Starscream.framework */,
			);
			name = Products;
			sourceTree = BUILT_PRODUCTS_DIR;
		};
		OBJ_5 = {
			isa = PBXGroup;
			children = (
				OBJ_6 /* Package.swift */,
				OBJ_7 /* Sources */,
				OBJ_20 /* Tests */,
				OBJ_23 /* Dependencies */,
				OBJ_29 /* Products */,
			);
			sourceTree = "<group>";
		};
		OBJ_7 /* Sources */ = {
			isa = PBXGroup;
			children = (
				OBJ_8 /* FuncBot */,
			);
			name = Sources;
			sourceTree = SOURCE_ROOT;
		};
		OBJ_8 /* FuncBot */ = {
			isa = PBXGroup;
			children = (
				OBJ_9 /* FuncBot.swift */,
				BAFBF535202AF6C400AB9F57 /* Examples */,
				BA5A32FC20277F49000D618D /* Message */,
				BA5A32F920274572000D618D /* JSON */,
				OBJ_10 /* IO */,
				BA5A32F4202743D7000D618D /* HTTP */,
				OBJ_18 /* RTM */,
				OBJ_16 /* Operators.swift */,
				BAFBF51B202AAFDC00AB9F57 /* curry.swift */,
			);
			name = FuncBot;
			path = Sources/FuncBot;
			sourceTree = SOURCE_ROOT;
		};
/* End PBXGroup section */

/* Begin PBXNativeTarget section */
		"FuncBot::FuncBot" /* FuncBot */ = {
			isa = PBXNativeTarget;
			buildConfigurationList = OBJ_58 /* Build configuration list for PBXNativeTarget "FuncBot" */;
			buildPhases = (
				OBJ_61 /* Sources */,
				OBJ_71 /* Frameworks */,
			);
			buildRules = (
			);
			dependencies = (
				OBJ_73 /* PBXTargetDependency */,
			);
			name = FuncBot;
			productName = FuncBot;
			productReference = "FuncBot::FuncBot::Product" /* FuncBot.framework */;
			productType = "com.apple.product-type.framework";
		};
		"FuncBot::FuncBotTests" /* FuncBotTests */ = {
			isa = PBXNativeTarget;
			buildConfigurationList = OBJ_46 /* Build configuration list for PBXNativeTarget "FuncBotTests" */;
			buildPhases = (
				OBJ_49 /* Sources */,
				OBJ_51 /* Frameworks */,
			);
			buildRules = (
			);
			dependencies = (
				OBJ_54 /* PBXTargetDependency */,
				OBJ_56 /* PBXTargetDependency */,
			);
			name = FuncBotTests;
			productName = FuncBotTests;
			productReference = "FuncBot::FuncBotTests::Product" /* FuncBotTests.xctest */;
			productType = "com.apple.product-type.bundle.unit-test";
		};
		"FuncBot::SwiftPMPackageDescription" /* FuncBotPackageDescription */ = {
			isa = PBXNativeTarget;
			buildConfigurationList = OBJ_34 /* Build configuration list for PBXNativeTarget "FuncBotPackageDescription" */;
			buildPhases = (
				OBJ_37 /* Sources */,
			);
			buildRules = (
			);
			dependencies = (
			);
			name = FuncBotPackageDescription;
			productName = FuncBotPackageDescription;
			productType = "com.apple.product-type.framework";
		};
		"Starscream::Starscream" /* Starscream */ = {
			isa = PBXNativeTarget;
			buildConfigurationList = OBJ_74 /* Build configuration list for PBXNativeTarget "Starscream" */;
			buildPhases = (
				OBJ_77 /* Sources */,
				OBJ_81 /* Frameworks */,
			);
			buildRules = (
			);
			dependencies = (
			);
			name = Starscream;
			productName = Starscream;
			productReference = "Starscream::Starscream::Product" /* Starscream.framework */;
			productType = "com.apple.product-type.framework";
		};
		"Starscream::SwiftPMPackageDescription" /* StarscreamPackageDescription */ = {
			isa = PBXNativeTarget;
			buildConfigurationList = OBJ_40 /* Build configuration list for PBXNativeTarget "StarscreamPackageDescription" */;
			buildPhases = (
				OBJ_43 /* Sources */,
			);
			buildRules = (
			);
			dependencies = (
			);
			name = StarscreamPackageDescription;
			productName = StarscreamPackageDescription;
			productType = "com.apple.product-type.framework";
		};
/* End PBXNativeTarget section */

/* Begin PBXProject section */
		OBJ_1 /* Project object */ = {
			isa = PBXProject;
			attributes = {
				LastUpgradeCheck = 9999;
			};
			buildConfigurationList = OBJ_2 /* Build configuration list for PBXProject "FuncBot" */;
			compatibilityVersion = "Xcode 3.2";
			developmentRegion = English;
			hasScannedForEncodings = 0;
			knownRegions = (
				en,
			);
			mainGroup = OBJ_5;
			productRefGroup = OBJ_29 /* Products */;
			projectDirPath = "";
			projectRoot = "";
			targets = (
				"FuncBot::SwiftPMPackageDescription" /* FuncBotPackageDescription */,
				"Starscream::SwiftPMPackageDescription" /* StarscreamPackageDescription */,
				"FuncBot::FuncBotTests" /* FuncBotTests */,
				"FuncBot::FuncBot" /* FuncBot */,
				"Starscream::Starscream" /* Starscream */,
				"FuncBot::FuncBotPackageTests::ProductTarget" /* FuncBotPackageTests */,
			);
		};
/* End PBXProject section */

/* Begin PBXSourcesBuildPhase section */
		OBJ_37 /* Sources */ = {
			isa = PBXSourcesBuildPhase;
			buildActionMask = 0;
			files = (
				OBJ_38 /* Package.swift in Sources */,
			);
			runOnlyForDeploymentPostprocessing = 0;
		};
		OBJ_43 /* Sources */ = {
			isa = PBXSourcesBuildPhase;
			buildActionMask = 0;
			files = (
				OBJ_44 /* Package.swift in Sources */,
			);
			runOnlyForDeploymentPostprocessing = 0;
		};
		OBJ_49 /* Sources */ = {
			isa = PBXSourcesBuildPhase;
			buildActionMask = 0;
			files = (
				OBJ_50 /* FuncBotTests.swift in Sources */,
			);
			runOnlyForDeploymentPostprocessing = 0;
		};
		OBJ_61 /* Sources */ = {
			isa = PBXSourcesBuildPhase;
			buildActionMask = 0;
			files = (
				OBJ_62 /* FuncBot.swift in Sources */,
				BAFBF537202AF71100AB9F57 /* Middlewares.swift in Sources */,
				OBJ_65 /* Console.swift in Sources */,
				OBJ_66 /* IO.swift in Sources */,
				OBJ_67 /* JSON.swift in Sources */,
				OBJ_68 /* Operators.swift in Sources */,
				BA5A32FE20277F57000D618D /* Message.swift in Sources */,
				BA5A32FA20274CF5000D618D /* HTTP.swift in Sources */,
				BAFBF530202AB25C00AB9F57 /* curry.swift in Sources */,
				OBJ_70 /* RTM.swift in Sources */,
			);
			runOnlyForDeploymentPostprocessing = 0;
		};
		OBJ_77 /* Sources */ = {
			isa = PBXSourcesBuildPhase;
			buildActionMask = 0;
			files = (
				OBJ_78 /* Compression.swift in Sources */,
				OBJ_79 /* SSLSecurity.swift in Sources */,
				OBJ_80 /* WebSocket.swift in Sources */,
			);
			runOnlyForDeploymentPostprocessing = 0;
		};
/* End PBXSourcesBuildPhase section */

/* Begin PBXTargetDependency section */
		OBJ_54 /* PBXTargetDependency */ = {
			isa = PBXTargetDependency;
			target = "FuncBot::FuncBot" /* FuncBot */;
			targetProxy = BA5A32F120271ED8000D618D /* PBXContainerItemProxy */;
		};
		OBJ_56 /* PBXTargetDependency */ = {
			isa = PBXTargetDependency;
			target = "Starscream::Starscream" /* Starscream */;
			targetProxy = BA5A32F220271ED8000D618D /* PBXContainerItemProxy */;
		};
		OBJ_73 /* PBXTargetDependency */ = {
			isa = PBXTargetDependency;
			target = "Starscream::Starscream" /* Starscream */;
			targetProxy = BA5A32F020271ED8000D618D /* PBXContainerItemProxy */;
		};
		OBJ_86 /* PBXTargetDependency */ = {
			isa = PBXTargetDependency;
			target = "FuncBot::FuncBotTests" /* FuncBotTests */;
			targetProxy = BA5A32F320271ED8000D618D /* PBXContainerItemProxy */;
		};
/* End PBXTargetDependency section */

/* Begin XCBuildConfiguration section */
		OBJ_3 /* Debug */ = {
			isa = XCBuildConfiguration;
			buildSettings = {
				CLANG_ENABLE_OBJC_ARC = YES;
				COMBINE_HIDPI_IMAGES = YES;
				COPY_PHASE_STRIP = NO;
				DEBUG_INFORMATION_FORMAT = dwarf;
				DYLIB_INSTALL_NAME_BASE = "@rpath";
				ENABLE_NS_ASSERTIONS = YES;
				GCC_OPTIMIZATION_LEVEL = 0;
				MACOSX_DEPLOYMENT_TARGET = 10.10;
				ONLY_ACTIVE_ARCH = YES;
				OTHER_SWIFT_FLAGS = "-DXcode";
				PRODUCT_NAME = "$(TARGET_NAME)";
				SDKROOT = macosx;
				SUPPORTED_PLATFORMS = "macosx iphoneos iphonesimulator appletvos appletvsimulator watchos watchsimulator";
				SWIFT_ACTIVE_COMPILATION_CONDITIONS = SWIFT_PACKAGE;
				SWIFT_OPTIMIZATION_LEVEL = "-Onone";
				USE_HEADERMAP = NO;
			};
			name = Debug;
		};
		OBJ_35 /* Debug */ = {
			isa = XCBuildConfiguration;
			buildSettings = {
				LD = /usr/bin/true;
				OTHER_SWIFT_FLAGS = "-swift-version 4 -I /Applications/Xcode.app/Contents/Developer/Toolchains/XcodeDefault.xctoolchain/usr/lib/swift/pm/4 -target x86_64-apple-macosx10.10 -sdk /Applications/Xcode.app/Contents/Developer/Platforms/MacOSX.platform/Developer/SDKs/MacOSX10.13.sdk";
				SWIFT_VERSION = 4.0;
			};
			name = Debug;
		};
		OBJ_36 /* Release */ = {
			isa = XCBuildConfiguration;
			buildSettings = {
				LD = /usr/bin/true;
				OTHER_SWIFT_FLAGS = "-swift-version 4 -I /Applications/Xcode.app/Contents/Developer/Toolchains/XcodeDefault.xctoolchain/usr/lib/swift/pm/4 -target x86_64-apple-macosx10.10 -sdk /Applications/Xcode.app/Contents/Developer/Platforms/MacOSX.platform/Developer/SDKs/MacOSX10.13.sdk";
				SWIFT_VERSION = 4.0;
			};
			name = Release;
		};
		OBJ_4 /* Release */ = {
			isa = XCBuildConfiguration;
			buildSettings = {
				CLANG_ENABLE_OBJC_ARC = YES;
				COMBINE_HIDPI_IMAGES = YES;
				COPY_PHASE_STRIP = YES;
				DEBUG_INFORMATION_FORMAT = "dwarf-with-dsym";
				DYLIB_INSTALL_NAME_BASE = "@rpath";
				GCC_OPTIMIZATION_LEVEL = s;
				MACOSX_DEPLOYMENT_TARGET = 10.10;
				OTHER_SWIFT_FLAGS = "-DXcode";
				PRODUCT_NAME = "$(TARGET_NAME)";
				SDKROOT = macosx;
				SUPPORTED_PLATFORMS = "macosx iphoneos iphonesimulator appletvos appletvsimulator watchos watchsimulator";
				SWIFT_ACTIVE_COMPILATION_CONDITIONS = SWIFT_PACKAGE;
				SWIFT_OPTIMIZATION_LEVEL = "-Owholemodule";
				USE_HEADERMAP = NO;
			};
			name = Release;
		};
		OBJ_41 /* Debug */ = {
			isa = XCBuildConfiguration;
			buildSettings = {
				LD = /usr/bin/true;
				OTHER_SWIFT_FLAGS = "-swift-version 3 -I /Applications/Xcode.app/Contents/Developer/Toolchains/XcodeDefault.xctoolchain/usr/lib/swift/pm/3 -target x86_64-apple-macosx10.10 -sdk /Applications/Xcode.app/Contents/Developer/Platforms/MacOSX.platform/Developer/SDKs/MacOSX10.13.sdk";
				SWIFT_VERSION = 3.0;
			};
			name = Debug;
		};
		OBJ_42 /* Release */ = {
			isa = XCBuildConfiguration;
			buildSettings = {
				LD = /usr/bin/true;
				OTHER_SWIFT_FLAGS = "-swift-version 3 -I /Applications/Xcode.app/Contents/Developer/Toolchains/XcodeDefault.xctoolchain/usr/lib/swift/pm/3 -target x86_64-apple-macosx10.10 -sdk /Applications/Xcode.app/Contents/Developer/Platforms/MacOSX.platform/Developer/SDKs/MacOSX10.13.sdk";
				SWIFT_VERSION = 3.0;
			};
			name = Release;
		};
		OBJ_47 /* Debug */ = {
			isa = XCBuildConfiguration;
			buildSettings = {
				EMBEDDED_CONTENT_CONTAINS_SWIFT = YES;
				FRAMEWORK_SEARCH_PATHS = (
					"$(inherited)",
					"$(PLATFORM_DIR)/Developer/Library/Frameworks",
				);
				HEADER_SEARCH_PATHS = (
					"$(inherited)",
					"$(SRCROOT)/.build/checkouts/common-crypto-spm--132958532151328779",
					"$(SRCROOT)/.build/checkouts/zlib-spm.git-7042465659040932026",
				);
				INFOPLIST_FILE = FuncBot.xcodeproj/FuncBotTests_Info.plist;
				LD_RUNPATH_SEARCH_PATHS = "@loader_path/../Frameworks @loader_path/Frameworks";
				OTHER_LDFLAGS = "$(inherited)";
				OTHER_SWIFT_FLAGS = "$(inherited)";
				SWIFT_VERSION = 4.0;
				TARGET_NAME = FuncBotTests;
			};
			name = Debug;
		};
		OBJ_48 /* Release */ = {
			isa = XCBuildConfiguration;
			buildSettings = {
				EMBEDDED_CONTENT_CONTAINS_SWIFT = YES;
				FRAMEWORK_SEARCH_PATHS = (
					"$(inherited)",
					"$(PLATFORM_DIR)/Developer/Library/Frameworks",
				);
				HEADER_SEARCH_PATHS = (
					"$(inherited)",
					"$(SRCROOT)/.build/checkouts/common-crypto-spm--132958532151328779",
					"$(SRCROOT)/.build/checkouts/zlib-spm.git-7042465659040932026",
				);
				INFOPLIST_FILE = FuncBot.xcodeproj/FuncBotTests_Info.plist;
				LD_RUNPATH_SEARCH_PATHS = "@loader_path/../Frameworks @loader_path/Frameworks";
				OTHER_LDFLAGS = "$(inherited)";
				OTHER_SWIFT_FLAGS = "$(inherited)";
				SWIFT_VERSION = 4.0;
				TARGET_NAME = FuncBotTests;
			};
			name = Release;
		};
		OBJ_59 /* Debug */ = {
			isa = XCBuildConfiguration;
			buildSettings = {
				ENABLE_TESTABILITY = YES;
				FRAMEWORK_SEARCH_PATHS = (
					"$(inherited)",
					"$(PLATFORM_DIR)/Developer/Library/Frameworks",
				);
				HEADER_SEARCH_PATHS = (
					"$(inherited)",
					"$(SRCROOT)/.build/checkouts/common-crypto-spm--132958532151328779",
					"$(SRCROOT)/.build/checkouts/zlib-spm.git-7042465659040932026",
				);
				INFOPLIST_FILE = FuncBot.xcodeproj/FuncBot_Info.plist;
				LD_RUNPATH_SEARCH_PATHS = "$(TOOLCHAIN_DIR)/usr/lib/swift/macosx";
				OTHER_LDFLAGS = "$(inherited)";
				OTHER_SWIFT_FLAGS = "$(inherited)";
				PRODUCT_BUNDLE_IDENTIFIER = FuncBot;
				PRODUCT_MODULE_NAME = "$(TARGET_NAME:c99extidentifier)";
				PRODUCT_NAME = "$(TARGET_NAME:c99extidentifier)";
				SKIP_INSTALL = YES;
				SWIFT_VERSION = 4.0;
				TARGET_NAME = FuncBot;
			};
			name = Debug;
		};
		OBJ_60 /* Release */ = {
			isa = XCBuildConfiguration;
			buildSettings = {
				ENABLE_TESTABILITY = YES;
				FRAMEWORK_SEARCH_PATHS = (
					"$(inherited)",
					"$(PLATFORM_DIR)/Developer/Library/Frameworks",
				);
				HEADER_SEARCH_PATHS = (
					"$(inherited)",
					"$(SRCROOT)/.build/checkouts/common-crypto-spm--132958532151328779",
					"$(SRCROOT)/.build/checkouts/zlib-spm.git-7042465659040932026",
				);
				INFOPLIST_FILE = FuncBot.xcodeproj/FuncBot_Info.plist;
				LD_RUNPATH_SEARCH_PATHS = "$(TOOLCHAIN_DIR)/usr/lib/swift/macosx";
				OTHER_LDFLAGS = "$(inherited)";
				OTHER_SWIFT_FLAGS = "$(inherited)";
				PRODUCT_BUNDLE_IDENTIFIER = FuncBot;
				PRODUCT_MODULE_NAME = "$(TARGET_NAME:c99extidentifier)";
				PRODUCT_NAME = "$(TARGET_NAME:c99extidentifier)";
				SKIP_INSTALL = YES;
				SWIFT_VERSION = 4.0;
				TARGET_NAME = FuncBot;
			};
			name = Release;
		};
		OBJ_75 /* Debug */ = {
			isa = XCBuildConfiguration;
			buildSettings = {
				ENABLE_TESTABILITY = YES;
				FRAMEWORK_SEARCH_PATHS = (
					"$(inherited)",
					"$(PLATFORM_DIR)/Developer/Library/Frameworks",
				);
				HEADER_SEARCH_PATHS = (
					"$(inherited)",
					"$(SRCROOT)/.build/checkouts/common-crypto-spm--132958532151328779",
					"$(SRCROOT)/.build/checkouts/zlib-spm.git-7042465659040932026",
				);
				INFOPLIST_FILE = FuncBot.xcodeproj/Starscream_Info.plist;
				LD_RUNPATH_SEARCH_PATHS = "$(TOOLCHAIN_DIR)/usr/lib/swift/macosx";
				OTHER_LDFLAGS = "$(inherited)";
				OTHER_SWIFT_FLAGS = "$(inherited)";
				PRODUCT_BUNDLE_IDENTIFIER = Starscream;
				PRODUCT_MODULE_NAME = "$(TARGET_NAME:c99extidentifier)";
				PRODUCT_NAME = "$(TARGET_NAME:c99extidentifier)";
				SKIP_INSTALL = YES;
				SWIFT_VERSION = 3.0;
				TARGET_NAME = Starscream;
			};
			name = Debug;
		};
		OBJ_76 /* Release */ = {
			isa = XCBuildConfiguration;
			buildSettings = {
				ENABLE_TESTABILITY = YES;
				FRAMEWORK_SEARCH_PATHS = (
					"$(inherited)",
					"$(PLATFORM_DIR)/Developer/Library/Frameworks",
				);
				HEADER_SEARCH_PATHS = (
					"$(inherited)",
					"$(SRCROOT)/.build/checkouts/common-crypto-spm--132958532151328779",
					"$(SRCROOT)/.build/checkouts/zlib-spm.git-7042465659040932026",
				);
				INFOPLIST_FILE = FuncBot.xcodeproj/Starscream_Info.plist;
				LD_RUNPATH_SEARCH_PATHS = "$(TOOLCHAIN_DIR)/usr/lib/swift/macosx";
				OTHER_LDFLAGS = "$(inherited)";
				OTHER_SWIFT_FLAGS = "$(inherited)";
				PRODUCT_BUNDLE_IDENTIFIER = Starscream;
				PRODUCT_MODULE_NAME = "$(TARGET_NAME:c99extidentifier)";
				PRODUCT_NAME = "$(TARGET_NAME:c99extidentifier)";
				SKIP_INSTALL = YES;
				SWIFT_VERSION = 3.0;
				TARGET_NAME = Starscream;
			};
			name = Release;
		};
		OBJ_84 /* Debug */ = {
			isa = XCBuildConfiguration;
			buildSettings = {
			};
			name = Debug;
		};
		OBJ_85 /* Release */ = {
			isa = XCBuildConfiguration;
			buildSettings = {
			};
			name = Release;
		};
/* End XCBuildConfiguration section */

/* Begin XCConfigurationList section */
		OBJ_2 /* Build configuration list for PBXProject "FuncBot" */ = {
			isa = XCConfigurationList;
			buildConfigurations = (
				OBJ_3 /* Debug */,
				OBJ_4 /* Release */,
			);
			defaultConfigurationIsVisible = 0;
			defaultConfigurationName = Debug;
		};
		OBJ_34 /* Build configuration list for PBXNativeTarget "FuncBotPackageDescription" */ = {
			isa = XCConfigurationList;
			buildConfigurations = (
				OBJ_35 /* Debug */,
				OBJ_36 /* Release */,
			);
			defaultConfigurationIsVisible = 0;
			defaultConfigurationName = Debug;
		};
		OBJ_40 /* Build configuration list for PBXNativeTarget "StarscreamPackageDescription" */ = {
			isa = XCConfigurationList;
			buildConfigurations = (
				OBJ_41 /* Debug */,
				OBJ_42 /* Release */,
			);
			defaultConfigurationIsVisible = 0;
			defaultConfigurationName = Debug;
		};
		OBJ_46 /* Build configuration list for PBXNativeTarget "FuncBotTests" */ = {
			isa = XCConfigurationList;
			buildConfigurations = (
				OBJ_47 /* Debug */,
				OBJ_48 /* Release */,
			);
			defaultConfigurationIsVisible = 0;
			defaultConfigurationName = Debug;
		};
		OBJ_58 /* Build configuration list for PBXNativeTarget "FuncBot" */ = {
			isa = XCConfigurationList;
			buildConfigurations = (
				OBJ_59 /* Debug */,
				OBJ_60 /* Release */,
			);
			defaultConfigurationIsVisible = 0;
			defaultConfigurationName = Debug;
		};
		OBJ_74 /* Build configuration list for PBXNativeTarget "Starscream" */ = {
			isa = XCConfigurationList;
			buildConfigurations = (
				OBJ_75 /* Debug */,
				OBJ_76 /* Release */,
			);
			defaultConfigurationIsVisible = 0;
			defaultConfigurationName = Debug;
		};
		OBJ_83 /* Build configuration list for PBXAggregateTarget "FuncBotPackageTests" */ = {
			isa = XCConfigurationList;
			buildConfigurations = (
				OBJ_84 /* Debug */,
				OBJ_85 /* Release */,
			);
			defaultConfigurationIsVisible = 0;
			defaultConfigurationName = Debug;
		};
/* End XCConfigurationList section */
	};
	rootObject = OBJ_1 /* Project object */;
}
